
Microsoft Visual Studio Solution File, Format Version 12.00
Project("{FAE04EC0-301F-11D3-BF4B-00C04F79EFBC}") = "Hwid", "Hwid\Hwid.csproj", "{AC046332-1DD1-4459-93B1-EDF0002A55B5}"
EndProject
Project("{FAE04EC0-301F-11D3-BF4B-00C04F79EFBC}") = "Hwid.Tests", "Hwid.Tests\Hwid.Tests.csproj", "{C6576111-3D65-4321-88A5-0462D8106022}"
EndProject
Project("{2150E333-8FDC-42A3-9474-1A3956D46DE8}") = "Actions", "Actions", "{76AB4152-2872-45F3-B427-ECBA056C5F1D}"
	ProjectSection(SolutionItems) = preProject
		.github\workflows\multi-platform-hwid-test.yaml = .github\workflows\multi-platform-hwid-test.yaml
	EndProjectSection
EndProject
Project("{FAE04EC0-301F-11D3-BF4B-00C04F79EFBC}") = "Hwid.Demo", "Hwid.Demo\Hwid.Demo.csproj", "{32EAFB09-B52B-466A-BCC0-EFFDA1375042}"
EndProject
Global
	GlobalSection(SolutionConfigurationPlatforms) = preSolution
		Debug|Any CPU = Debug|Any CPU
		Release|Any CPU = Release|Any CPU
	EndGlobalSection
	GlobalSection(ProjectConfigurationPlatforms) = postSolution
		{AC046332-1DD1-4459-93B1-EDF0002A55B5}.Debug|Any CPU.ActiveCfg = Debug|Any CPU
		{AC046332-1DD1-4459-93B1-EDF0002A55B5}.Debug|Any CPU.Build.0 = Debug|Any CPU
		{AC046332-1DD1-4459-93B1-EDF0002A55B5}.Release|Any CPU.ActiveCfg = Release|Any CPU
		{AC046332-1DD1-4459-93B1-EDF0002A55B5}.Release|Any CPU.Build.0 = Release|Any CPU
		{C6576111-3D65-4321-88A5-0462D8106022}.Debug|Any CPU.ActiveCfg = Debug|Any CPU
		{C6576111-3D65-4321-88A5-0462D8106022}.Debug|Any CPU.Build.0 = Debug|Any CPU
		{C6576111-3D65-4321-88A5-0462D8106022}.Release|Any CPU.ActiveCfg = Release|Any CPU
		{C6576111-3D65-4321-88A5-0462D8106022}.Release|Any CPU.Build.0 = Release|Any CPU
		{32EAFB09-B52B-466A-BCC0-EFFDA1375042}.Debug|Any CPU.ActiveCfg = Debug|Any CPU
		{32EAFB09-B52B-466A-BCC0-EFFDA1375042}.Debug|Any CPU.Build.0 = Debug|Any CPU
		{32EAFB09-B52B-466A-BCC0-EFFDA1375042}.Release|Any CPU.ActiveCfg = Release|Any CPU
		{32EAFB09-B52B-466A-BCC0-EFFDA1375042}.Release|Any CPU.Build.0 = Release|Any CPU
	EndGlobalSection
EndGlobal
